
Microsoft Visual Studio Solution File, Format Version 12.00
# Visual Studio Version 16
VisualStudioVersion = 16.0.30320.27
MinimumVisualStudioVersion = 10.0.40219.1
Project("{FAE04EC0-301F-11D3-BF4B-00C04F79EFBC}") = "LocadoraETL", "LocadoraETL\LocadoraETL.csproj", "{0E2C0E50-6309-40A2-B486-AB88CBB4A965}"
EndProject
Global
	GlobalSection(SolutionConfigurationPlatforms) = preSolution
		Debug|Any CPU = Debug|Any CPU
		Release|Any CPU = Release|Any CPU
	EndGlobalSection
	GlobalSection(ProjectConfigurationPlatforms) = postSolution
		{0E2C0E50-6309-40A2-B486-AB88CBB4A965}.Debug|Any CPU.ActiveCfg = Debug|Any CPU
		{0E2C0E50-6309-40A2-B486-AB88CBB4A965}.Debug|Any CPU.Build.0 = Debug|Any CPU
		{0E2C0E50-6309-40A2-B486-AB88CBB4A965}.Release|Any CPU.ActiveCfg = Release|Any CPU
		{0E2C0E50-6309-40A2-B486-AB88CBB4A965}.Release|Any CPU.Build.0 = Release|Any CPU
	EndGlobalSection
	GlobalSection(SolutionProperties) = preSolution
		HideSolutionNode = FALSE
	EndGlobalSection
	GlobalSection(ExtensibilityGlobals) = postSolution
		SolutionGuid = {82A3C795-CACB-4B7C-8341-FCC52DBC458C}
	EndGlobalSection
EndGlobal
